
Microsoft Visual Studio Solution File, Format Version 12.00
# Visual Studio Version 16
VisualStudioVersion = 16.0.30011.22
MinimumVisualStudioVersion = 10.0.40219.1
Project("{9A19103F-16F7-4668-BE54-9A1E7A4F7556}") = "TokenGenLib", "TokenGenLib\TokenGenLib.csproj", "{7FDD56EE-2753-47F7-925F-A14CFC6A9F39}"
EndProject
Project("{2150E333-8FDC-42A3-9474-1A3956D46DE8}") = "Solution Items", "Solution Items", "{357782B1-6020-4802-9FA9-F8B223824F28}"
	ProjectSection(SolutionItems) = preProject
		.gitattributes = .gitattributes
		.gitignore = .gitignore
		ReadMe.md = ReadMe.md
	EndProjectSection
EndProject
Project("{9A19103F-16F7-4668-BE54-9A1E7A4F7556}") = "TokenGeneratorFixture", "TokenGeneratorFixture\TokenGeneratorFixture.csproj", "{22290467-308B-4F22-BE09-E1ED1CC01592}"
EndProject
Project("{9A19103F-16F7-4668-BE54-9A1E7A4F7556}") = "TokenDispenser", "TokenDispenser\TokenDispenser.csproj", "{4A5124C2-A8FF-4C81-AC2C-48AF2CF9B2E5}"
EndProject
Project("{9A19103F-16F7-4668-BE54-9A1E7A4F7556}") = "TokenGen.ConsoleApp", "TokenGen.ConsoleApp\TokenGen.ConsoleApp.csproj", "{81A9592D-233F-4861-BD88-14E85676503E}"
EndProject
Project("{2150E333-8FDC-42A3-9474-1A3956D46DE8}") = "Server", "Server", "{3CD4FEF8-12F2-4738-B9FD-C041D05CCE87}"
EndProject
Project("{2150E333-8FDC-42A3-9474-1A3956D46DE8}") = "Client", "Client", "{5168B848-08B0-4CC2-B97B-85FD2E04AD5B}"
EndProject
Project("{2150E333-8FDC-42A3-9474-1A3956D46DE8}") = "Tests", "Tests", "{C86056ED-99EA-4814-A95B-40F8729B2AA8}"
EndProject
Project("{9A19103F-16F7-4668-BE54-9A1E7A4F7556}") = "TokenDispenser.ClientLib", "TokenDispenser.ClientLib\TokenDispenser.ClientLib.csproj", "{0C175B97-14C1-4E59-B515-6AB6C588D643}"
EndProject
Project("{9A19103F-16F7-4668-BE54-9A1E7A4F7556}") = "TokenDispenser.ClientLib.ConsoleApp", "TokenDispenser.ClientLib.ConsoleApp\TokenDispenser.ClientLib.ConsoleApp.csproj", "{19FDA2C5-5612-46EC-BC6A-CD0BA9E4F615}"
EndProject
Global
	GlobalSection(SolutionConfigurationPlatforms) = preSolution
		Debug|Any CPU = Debug|Any CPU
		Release|Any CPU = Release|Any CPU
	EndGlobalSection
	GlobalSection(ProjectConfigurationPlatforms) = postSolution
		{7FDD56EE-2753-47F7-925F-A14CFC6A9F39}.Debug|Any CPU.ActiveCfg = Debug|Any CPU
		{7FDD56EE-2753-47F7-925F-A14CFC6A9F39}.Debug|Any CPU.Build.0 = Debug|Any CPU
		{7FDD56EE-2753-47F7-925F-A14CFC6A9F39}.Release|Any CPU.ActiveCfg = Release|Any CPU
		{7FDD56EE-2753-47F7-925F-A14CFC6A9F39}.Release|Any CPU.Build.0 = Release|Any CPU
		{22290467-308B-4F22-BE09-E1ED1CC01592}.Debug|Any CPU.ActiveCfg = Debug|Any CPU
		{22290467-308B-4F22-BE09-E1ED1CC01592}.Debug|Any CPU.Build.0 = Debug|Any CPU
		{22290467-308B-4F22-BE09-E1ED1CC01592}.Release|Any CPU.ActiveCfg = Release|Any CPU
		{22290467-308B-4F22-BE09-E1ED1CC01592}.Release|Any CPU.Build.0 = Release|Any CPU
		{4A5124C2-A8FF-4C81-AC2C-48AF2CF9B2E5}.Debug|Any CPU.ActiveCfg = Debug|Any CPU
		{4A5124C2-A8FF-4C81-AC2C-48AF2CF9B2E5}.Debug|Any CPU.Build.0 = Debug|Any CPU
		{4A5124C2-A8FF-4C81-AC2C-48AF2CF9B2E5}.Release|Any CPU.ActiveCfg = Release|Any CPU
		{4A5124C2-A8FF-4C81-AC2C-48AF2CF9B2E5}.Release|Any CPU.Build.0 = Release|Any CPU
		{81A9592D-233F-4861-BD88-14E85676503E}.Debug|Any CPU.ActiveCfg = Debug|Any CPU
		{81A9592D-233F-4861-BD88-14E85676503E}.Debug|Any CPU.Build.0 = Debug|Any CPU
		{81A9592D-233F-4861-BD88-14E85676503E}.Release|Any CPU.ActiveCfg = Release|Any CPU
		{81A9592D-233F-4861-BD88-14E85676503E}.Release|Any CPU.Build.0 = Release|Any CPU
		{0C175B97-14C1-4E59-B515-6AB6C588D643}.Debug|Any CPU.ActiveCfg = Debug|Any CPU
		{0C175B97-14C1-4E59-B515-6AB6C588D643}.Debug|Any CPU.Build.0 = Debug|Any CPU
		{0C175B97-14C1-4E59-B515-6AB6C588D643}.Release|Any CPU.ActiveCfg = Release|Any CPU
		{0C175B97-14C1-4E59-B515-6AB6C588D643}.Release|Any CPU.Build.0 = Release|Any CPU
		{19FDA2C5-5612-46EC-BC6A-CD0BA9E4F615}.Debug|Any CPU.ActiveCfg = Debug|Any CPU
		{19FDA2C5-5612-46EC-BC6A-CD0BA9E4F615}.Debug|Any CPU.Build.0 = Debug|Any CPU
		{19FDA2C5-5612-46EC-BC6A-CD0BA9E4F615}.Release|Any CPU.ActiveCfg = Release|Any CPU
		{19FDA2C5-5612-46EC-BC6A-CD0BA9E4F615}.Release|Any CPU.Build.0 = Release|Any CPU
	EndGlobalSection
	GlobalSection(SolutionProperties) = preSolution
		HideSolutionNode = FALSE
	EndGlobalSection
	GlobalSection(NestedProjects) = preSolution
		{7FDD56EE-2753-47F7-925F-A14CFC6A9F39} = {3CD4FEF8-12F2-4738-B9FD-C041D05CCE87}
		{22290467-308B-4F22-BE09-E1ED1CC01592} = {C86056ED-99EA-4814-A95B-40F8729B2AA8}
		{4A5124C2-A8FF-4C81-AC2C-48AF2CF9B2E5} = {3CD4FEF8-12F2-4738-B9FD-C041D05CCE87}
		{81A9592D-233F-4861-BD88-14E85676503E} = {5168B848-08B0-4CC2-B97B-85FD2E04AD5B}
		{0C175B97-14C1-4E59-B515-6AB6C588D643} = {5168B848-08B0-4CC2-B97B-85FD2E04AD5B}
		{19FDA2C5-5612-46EC-BC6A-CD0BA9E4F615} = {5168B848-08B0-4CC2-B97B-85FD2E04AD5B}
	EndGlobalSection
	GlobalSection(ExtensibilityGlobals) = postSolution
		SolutionGuid = {3BD6CF5E-A57C-4F69-8C65-08CBC79A3998}
	EndGlobalSection
EndGlobal
